<?xml version="1.0" encoding="utf-8"?>
<Project ToolsVersion="4.0" xmlns="http://schemas.microsoft.com/developer/msbuild/2003">
  <ItemGroup>
    <Filter Include="Source Files">
      <UniqueIdentifier>{4FC737F1-C7A5-4376-A066-2A32D752A2FF}</UniqueIdentifier>
      <Extensions>cpp;c;cc;cxx;def;odl;idl;hpj;bat;asm;asmx</Extensions>
    </Filter>
    <Filter Include="Source Files\Server">
      <UniqueIdentifier>{c6f16c13-0b0c-4a74-9134-01106d120fdd}</UniqueIdentifier>
    </Filter>
    <Filter Include="Source Files\Logger">
      <UniqueIdentifier>{49845252-7ff3-4f3f-ac1b-16836c91154a}</UniqueIdentifier>
    </Filter>
  </ItemGroup>
  <ItemGroup>
    <ClInclude Include="StdAfx.h">
      <Filter>Source Files</Filter>
    </ClInclude>
    <ClInclude Include="ArrayContainer.h">
      <Filter>Source Files</Filter>
    </ClInclude>
    <ClInclude Include="Server\Server.h">
      <Filter>Source Files\Server</Filter>
    </ClInclude>
    <ClInclude Include="Utilities.h">
      <Filter>Source Files</Filter>
    </ClInclude>
    <ClInclude Include="Logger\Logger.h">
      <Filter>Source Files\Logger</Filter>
    </ClInclude>
    <ClInclude Include="Definitions.h">
      <Filter>Source Files</Filter>
    </ClInclude>
    <ClInclude Include="PtrMap.h">
      <Filter>Source Files</Filter>
    </ClInclude>
  </ItemGroup>
  <ItemGroup>
    <ClCompile Include="Main.c">
      <Filter>Source Files</Filter>
    </ClCompile>
    <ClCompile Include="Server\Server.c">
      <Filter>Source Files\Server</Filter>
    </ClCompile>
    <ClCompile Include="Server\RequestHandler.c">
      <Filter>Source Files\Server</Filter>
    </ClCompile>
    <ClCompile Include="Utilities.c">
      <Filter>Source Files</Filter>
    </ClCompile>
    <ClCompile Include="Server\ServerIO.c">
      <Filter>Source Files\Server</Filter>
    </ClCompile>
    <ClCompile Include="Server\Allocation.c">
      <Filter>Source Files\Server</Filter>
    </ClCompile>
    <ClCompile Include="Server\DnsResolve.c">
      <Filter>Source Files\Server</Filter>
    </ClCompile>
    <ClCompile Include="Logger\Logger.c">
      <Filter>Source Files\Logger</Filter>
    </ClCompile>
    <ClCompile Include="Server\SocketPool.c">
      <Filter>Source Files\Server</Filter>
    </ClCompile>
    <ClCompile Include="Server\RequestTimeoutHandler.c">
      <Filter>Source Files\Server</Filter>
    </ClCompile>
  </ItemGroup>
  <ItemGroup>
    <Text Include="Todo.txt" />
  </ItemGroup>
</Project>